
Microsoft Visual Studio Solution File, Format Version 12.00
# Visual Studio Version 17
VisualStudioVersion = 17.0.31611.283
MinimumVisualStudioVersion = 10.0.40219.1
Project("{9A19103F-16F7-4668-BE54-9A1E7A4F7556}") = "ABE.LTRIC.GUI", "ABE.LTRIC.GUI\ABE.LTRIC.GUI.csproj", "{7F8BFEA5-8103-4C01-B3C2-3DC3D9BFB782}"
EndProject
Project("{FAE04EC0-301F-11D3-BF4B-00C04F79EFBC}") = "ABE.LTRIC.Core", "ABE.LTRIC.Core\ABE.LTRIC.Core.csproj", "{DFD5A9D0-0452-4EB1-A14C-7FB14E1AEC36}"
EndProject
Project("{FAE04EC0-301F-11D3-BF4B-00C04F79EFBC}") = "ABE.LTRIC.Infrastructure", "ABE.LTRIC.Infrastructure\ABE.LTRIC.Infrastructure.csproj", "{53206CBD-9B1A-4817-BCAA-13F5D77919CF}"
EndProject
Project("{FAE04EC0-301F-11D3-BF4B-00C04F79EFBC}") = "ABE.LTRIC.Application", "ABE.LTRIC.Application\ABE.LTRIC.Application.csproj", "{E563501B-3C7E-4AEF-B638-5AD6CA26EAAA}"
EndProject
Global
	GlobalSection(SolutionConfigurationPlatforms) = preSolution
		Debug|Any CPU = Debug|Any CPU
		Release|Any CPU = Release|Any CPU
	EndGlobalSection
	GlobalSection(ProjectConfigurationPlatforms) = postSolution
		{7F8BFEA5-8103-4C01-B3C2-3DC3D9BFB782}.Debug|Any CPU.ActiveCfg = Debug|Any CPU
		{7F8BFEA5-8103-4C01-B3C2-3DC3D9BFB782}.Debug|Any CPU.Build.0 = Debug|Any CPU
		{7F8BFEA5-8103-4C01-B3C2-3DC3D9BFB782}.Debug|Any CPU.Deploy.0 = Debug|Any CPU
		{7F8BFEA5-8103-4C01-B3C2-3DC3D9BFB782}.Release|Any CPU.ActiveCfg = Release|Any CPU
		{7F8BFEA5-8103-4C01-B3C2-3DC3D9BFB782}.Release|Any CPU.Build.0 = Release|Any CPU
		{7F8BFEA5-8103-4C01-B3C2-3DC3D9BFB782}.Release|Any CPU.Deploy.0 = Release|Any CPU
		{DFD5A9D0-0452-4EB1-A14C-7FB14E1AEC36}.Debug|Any CPU.ActiveCfg = Debug|Any CPU
		{DFD5A9D0-0452-4EB1-A14C-7FB14E1AEC36}.Debug|Any CPU.Build.0 = Debug|Any CPU
		{DFD5A9D0-0452-4EB1-A14C-7FB14E1AEC36}.Release|Any CPU.ActiveCfg = Release|Any CPU
		{DFD5A9D0-0452-4EB1-A14C-7FB14E1AEC36}.Release|Any CPU.Build.0 = Release|Any CPU
		{53206CBD-9B1A-4817-BCAA-13F5D77919CF}.Debug|Any CPU.ActiveCfg = Debug|Any CPU
		{53206CBD-9B1A-4817-BCAA-13F5D77919CF}.Debug|Any CPU.Build.0 = Debug|Any CPU
		{53206CBD-9B1A-4817-BCAA-13F5D77919CF}.Release|Any CPU.ActiveCfg = Release|Any CPU
		{53206CBD-9B1A-4817-BCAA-13F5D77919CF}.Release|Any CPU.Build.0 = Release|Any CPU
		{E563501B-3C7E-4AEF-B638-5AD6CA26EAAA}.Debug|Any CPU.ActiveCfg = Debug|Any CPU
		{E563501B-3C7E-4AEF-B638-5AD6CA26EAAA}.Debug|Any CPU.Build.0 = Debug|Any CPU
		{E563501B-3C7E-4AEF-B638-5AD6CA26EAAA}.Release|Any CPU.ActiveCfg = Release|Any CPU
		{E563501B-3C7E-4AEF-B638-5AD6CA26EAAA}.Release|Any CPU.Build.0 = Release|Any CPU
	EndGlobalSection
	GlobalSection(SolutionProperties) = preSolution
		HideSolutionNode = FALSE
	EndGlobalSection
	GlobalSection(ExtensibilityGlobals) = postSolution
		SolutionGuid = {61F7FB11-1E47-470C-91E2-47F8143E1572}
	EndGlobalSection
EndGlobal
