
Microsoft Visual Studio Solution File, Format Version 12.00
# Visual Studio Version 17
VisualStudioVersion = 17.0.31611.283
MinimumVisualStudioVersion = 10.0.40219.1
Project("{9A19103F-16F7-4668-BE54-9A1E7A4F7556}") = "ABE.LTRIC.Core", "ABE.LTRIC.Core\ABE.LTRIC.Core.csproj", "{DFD5A9D0-0452-4EB1-A14C-7FB14E1AEC36}"
EndProject
Project("{9A19103F-16F7-4668-BE54-9A1E7A4F7556}") = "ABE.LTRIC.Infrastructure", "ABE.LTRIC.Infrastructure\ABE.LTRIC.Infrastructure.csproj", "{53206CBD-9B1A-4817-BCAA-13F5D77919CF}"
EndProject
Project("{9A19103F-16F7-4668-BE54-9A1E7A4F7556}") = "ABE.LTRIC.WpfGui", "ABE.LTRIC.WpfGui\ABE.LTRIC.WpfGui.csproj", "{64D9C346-88A1-4773-ACCC-C6BD6D965393}"
EndProject
Global
	GlobalSection(SolutionConfigurationPlatforms) = preSolution
		Debug|Any CPU = Debug|Any CPU
		Release|Any CPU = Release|Any CPU
	EndGlobalSection
	GlobalSection(ProjectConfigurationPlatforms) = postSolution
		{DFD5A9D0-0452-4EB1-A14C-7FB14E1AEC36}.Debug|Any CPU.ActiveCfg = Debug|Any CPU
		{DFD5A9D0-0452-4EB1-A14C-7FB14E1AEC36}.Debug|Any CPU.Build.0 = Debug|Any CPU
		{DFD5A9D0-0452-4EB1-A14C-7FB14E1AEC36}.Release|Any CPU.ActiveCfg = Release|Any CPU
		{DFD5A9D0-0452-4EB1-A14C-7FB14E1AEC36}.Release|Any CPU.Build.0 = Release|Any CPU
		{53206CBD-9B1A-4817-BCAA-13F5D77919CF}.Debug|Any CPU.ActiveCfg = Debug|Any CPU
		{53206CBD-9B1A-4817-BCAA-13F5D77919CF}.Debug|Any CPU.Build.0 = Debug|Any CPU
		{53206CBD-9B1A-4817-BCAA-13F5D77919CF}.Release|Any CPU.ActiveCfg = Release|Any CPU
		{53206CBD-9B1A-4817-BCAA-13F5D77919CF}.Release|Any CPU.Build.0 = Release|Any CPU
		{64D9C346-88A1-4773-ACCC-C6BD6D965393}.Debug|Any CPU.ActiveCfg = Debug|Any CPU
		{64D9C346-88A1-4773-ACCC-C6BD6D965393}.Debug|Any CPU.Build.0 = Debug|Any CPU
		{64D9C346-88A1-4773-ACCC-C6BD6D965393}.Release|Any CPU.ActiveCfg = Release|Any CPU
		{64D9C346-88A1-4773-ACCC-C6BD6D965393}.Release|Any CPU.Build.0 = Release|Any CPU
	EndGlobalSection
	GlobalSection(SolutionProperties) = preSolution
		HideSolutionNode = FALSE
	EndGlobalSection
	GlobalSection(ExtensibilityGlobals) = postSolution
		SolutionGuid = {61F7FB11-1E47-470C-91E2-47F8143E1572}
	EndGlobalSection
EndGlobal
